
Microsoft Visual Studio Solution File, Format Version 12.00
# Visual Studio Version 17
VisualStudioVersion = 17.14.36717.8 d17.14
MinimumVisualStudioVersion = 10.0.40219.1
Project("{FAE04EC0-301F-11D3-BF4B-00C04F79EFBC}") = "ProyectoFinal.v2", "ProyectoFinal.v2\ProyectoFinal.v2.csproj", "{54CFFCCC-5565-4B06-B149-50426182BDC4}"
EndProject
Global
	GlobalSection(SolutionConfigurationPlatforms) = preSolution
		Debug|Any CPU = Debug|Any CPU
		Release|Any CPU = Release|Any CPU
	EndGlobalSection
	GlobalSection(ProjectConfigurationPlatforms) = postSolution
		{54CFFCCC-5565-4B06-B149-50426182BDC4}.Debug|Any CPU.ActiveCfg = Debug|Any CPU
		{54CFFCCC-5565-4B06-B149-50426182BDC4}.Debug|Any CPU.Build.0 = Debug|Any CPU
		{54CFFCCC-5565-4B06-B149-50426182BDC4}.Release|Any CPU.ActiveCfg = Release|Any CPU
		{54CFFCCC-5565-4B06-B149-50426182BDC4}.Release|Any CPU.Build.0 = Release|Any CPU
	EndGlobalSection
	GlobalSection(SolutionProperties) = preSolution
		HideSolutionNode = FALSE
	EndGlobalSection
	GlobalSection(ExtensibilityGlobals) = postSolution
		SolutionGuid = {6CC209FD-0CED-4A9B-9B02-16615E711D65}
	EndGlobalSection
EndGlobal
